
Microsoft Visual Studio Solution File, Format Version 12.00
# Visual Studio Version 17
VisualStudioVersion = 17.4.33110.190
MinimumVisualStudioVersion = 10.0.40219.1
Project("{FAE04EC0-301F-11D3-BF4B-00C04F79EFBC}") = "CrashLab", "CrashLab\CrashLab.csproj", "{713033FD-B3A9-4E54-8D6E-7AFA618C48A2}"
EndProject
Global
	GlobalSection(SolutionConfigurationPlatforms) = preSolution
		Debug|Any CPU = Debug|Any CPU
		Debug|x64 = Debug|x64
		Release|Any CPU = Release|Any CPU
		Release|x64 = Release|x64
	EndGlobalSection
	GlobalSection(ProjectConfigurationPlatforms) = postSolution
		{713033FD-B3A9-4E54-8D6E-7AFA618C48A2}.Debug|Any CPU.ActiveCfg = Debug|Any CPU
		{713033FD-B3A9-4E54-8D6E-7AFA618C48A2}.Debug|Any CPU.Build.0 = Debug|Any CPU
		{713033FD-B3A9-4E54-8D6E-7AFA618C48A2}.Debug|x64.ActiveCfg = Debug|x64
		{713033FD-B3A9-4E54-8D6E-7AFA618C48A2}.Debug|x64.Build.0 = Debug|x64
		{713033FD-B3A9-4E54-8D6E-7AFA618C48A2}.Release|Any CPU.ActiveCfg = Release|Any CPU
		{713033FD-B3A9-4E54-8D6E-7AFA618C48A2}.Release|Any CPU.Build.0 = Release|Any CPU
		{713033FD-B3A9-4E54-8D6E-7AFA618C48A2}.Release|x64.ActiveCfg = Release|x64
		{713033FD-B3A9-4E54-8D6E-7AFA618C48A2}.Release|x64.Build.0 = Release|x64
	EndGlobalSection
	GlobalSection(SolutionProperties) = preSolution
		HideSolutionNode = FALSE
	EndGlobalSection
	GlobalSection(ExtensibilityGlobals) = postSolution
		SolutionGuid = {42AAD44D-E8A4-4F92-B7AD-5E5584C7DFA3}
	EndGlobalSection
EndGlobal
